{
  "lockfile_version": "1",
  "packages": {
    "docker@latest": {
      "last_modified": "2024-08-17T10:40:00Z",
      "resolved": "github:NixOS/nixpkgs/a0d6390cb3e82062a35d0288979c45756e481f60#docker",
      "source": "devbox-search",
      "version": "27.1.1",
      "systems": {
        "aarch64-darwin": {
          "outputs": [
            {
              "name": "out",
              "path": "/nix/store/6hczrp87s1gc43shvfm72li0wgxcdnav-docker-27.1.1",
              "default": true
            }
          ],
          "store_path": "/nix/store/6hczrp87s1gc43shvfm72li0wgxcdnav-docker-27.1.1"
        },
        "aarch64-linux": {
          "outputs": [
            {
              "name": "out",
              "path": "/nix/store/9y377zbhflzw9080lpk8rhbgdmb1sm33-docker-27.1.1",
              "default": true
            }
          ],
          "store_path": "/nix/store/9y377zbhflzw9080lpk8rhbgdmb1sm33-docker-27.1.1"
        },
        "x86_64-darwin": {
          "outputs": [
            {
              "name": "out",
              "path": "/nix/store/bngmcm26xmywy5mmgnvmygb9fjv2252j-docker-27.1.1",
              "default": true
            }
          ],
          "store_path": "/nix/store/bngmcm26xmywy5mmgnvmygb9fjv2252j-docker-27.1.1"
        },
        "x86_64-linux": {
          "outputs": [
            {
              "name": "out",
              "path": "/nix/store/jp31x76yh6x6gdy82c0chd9rha9pk6zf-docker-27.1.1",
              "default": true
            }
          ],
          "store_path": "/nix/store/jp31x76yh6x6gdy82c0chd9rha9pk6zf-docker-27.1.1"
        }
      }
    },
    "minikube@latest": {
      "last_modified": "2024-08-14T11:41:26Z",
      "resolved": "github:NixOS/nixpkgs/0cb2fd7c59fed0cd82ef858cbcbdb552b9a33465#minikube",
      "source": "devbox-search",
      "version": "1.33.1",
      "systems": {
        "aarch64-darwin": {
          "outputs": [
            {
              "name": "out",
              "path": "/nix/store/zjv544x86klslhz9qp6klx2rnykcjb27-minikube-1.33.1",
              "default": true
            }
          ],
          "store_path": "/nix/store/zjv544x86klslhz9qp6klx2rnykcjb27-minikube-1.33.1"
        },
        "aarch64-linux": {
          "outputs": [
            {
              "name": "out",
              "path": "/nix/store/cr3517ki576qxyz6b4dvnxfgs95k5777-minikube-1.33.1",
              "default": true
            }
          ],
          "store_path": "/nix/store/cr3517ki576qxyz6b4dvnxfgs95k5777-minikube-1.33.1"
        },
        "x86_64-darwin": {
          "outputs": [
            {
              "name": "out",
              "path": "/nix/store/9g2r6si8wkppij9q44vznidzxckvaljv-minikube-1.33.1",
              "default": true
            }
          ],
          "store_path": "/nix/store/9g2r6si8wkppij9q44vznidzxckvaljv-minikube-1.33.1"
        },
        "x86_64-linux": {
          "outputs": [
            {
              "name": "out",
              "path": "/nix/store/j80p7rvfryag8wbx1gz4im7ak6b0cz6n-minikube-1.33.1",
              "default": true
            }
          ],
          "store_path": "/nix/store/j80p7rvfryag8wbx1gz4im7ak6b0cz6n-minikube-1.33.1"
        }
      }
    }
  }
}
