{
  "lockfile_version": "1",
  "packages": {
    "minikube@latest": {
      "last_modified": "2024-08-14T11:41:26Z",
      "resolved": "github:NixOS/nixpkgs/0cb2fd7c59fed0cd82ef858cbcbdb552b9a33465#minikube",
      "source": "devbox-search",
      "version": "1.33.1",
      "systems": {
        "aarch64-darwin": {
          "outputs": [
            {
              "name": "out",
              "path": "/nix/store/zjv544x86klslhz9qp6klx2rnykcjb27-minikube-1.33.1",
              "default": true
            }
          ],
          "store_path": "/nix/store/zjv544x86klslhz9qp6klx2rnykcjb27-minikube-1.33.1"
        },
        "aarch64-linux": {
          "outputs": [
            {
              "name": "out",
              "path": "/nix/store/cr3517ki576qxyz6b4dvnxfgs95k5777-minikube-1.33.1",
              "default": true
            }
          ],
          "store_path": "/nix/store/cr3517ki576qxyz6b4dvnxfgs95k5777-minikube-1.33.1"
        },
        "x86_64-darwin": {
          "outputs": [
            {
              "name": "out",
              "path": "/nix/store/9g2r6si8wkppij9q44vznidzxckvaljv-minikube-1.33.1",
              "default": true
            }
          ],
          "store_path": "/nix/store/9g2r6si8wkppij9q44vznidzxckvaljv-minikube-1.33.1"
        },
        "x86_64-linux": {
          "outputs": [
            {
              "name": "out",
              "path": "/nix/store/j80p7rvfryag8wbx1gz4im7ak6b0cz6n-minikube-1.33.1",
              "default": true
            }
          ],
          "store_path": "/nix/store/j80p7rvfryag8wbx1gz4im7ak6b0cz6n-minikube-1.33.1"
        }
      }
    }
  }
}
